
Microsoft Visual Studio Solution File, Format Version 12.00
# Visual Studio Version 17
VisualStudioVersion = 17.3.32929.385
MinimumVisualStudioVersion = 10.0.40219.1
Project("{FAE04EC0-301F-11D3-BF4B-00C04F79EFBC}") = "laba2", "laba2\laba2.csproj", "{2AAD9AD4-EF29-4E16-BF3B-0A371A756841}"
EndProject
Global
	GlobalSection(SolutionConfigurationPlatforms) = preSolution
		Debug|Any CPU = Debug|Any CPU
		Release|Any CPU = Release|Any CPU
	EndGlobalSection
	GlobalSection(ProjectConfigurationPlatforms) = postSolution
		{2AAD9AD4-EF29-4E16-BF3B-0A371A756841}.Debug|Any CPU.ActiveCfg = Debug|Any CPU
		{2AAD9AD4-EF29-4E16-BF3B-0A371A756841}.Debug|Any CPU.Build.0 = Debug|Any CPU
		{2AAD9AD4-EF29-4E16-BF3B-0A371A756841}.Release|Any CPU.ActiveCfg = Release|Any CPU
		{2AAD9AD4-EF29-4E16-BF3B-0A371A756841}.Release|Any CPU.Build.0 = Release|Any CPU
	EndGlobalSection
	GlobalSection(SolutionProperties) = preSolution
		HideSolutionNode = FALSE
	EndGlobalSection
	GlobalSection(ExtensibilityGlobals) = postSolution
		SolutionGuid = {B875F7EE-4E6C-42B8-99D4-EE7A52F43978}
	EndGlobalSection
EndGlobal
